
Microsoft Visual Studio Solution File, Format Version 12.00
# Visual Studio Version 17
VisualStudioVersion = 17.13.35919.96 d17.13
MinimumVisualStudioVersion = 10.0.40219.1
Project("{FAE04EC0-301F-11D3-BF4B-00C04F79EFBC}") = "Dsw2025Ej14.Api", "Dsw2025Ej14.Api\Dsw2025Ej14.Api.csproj", "{38436AEF-8B9A-4147-BBB6-8599962BA291}"
EndProject
Global
	GlobalSection(SolutionConfigurationPlatforms) = preSolution
		Debug|Any CPU = Debug|Any CPU
		Release|Any CPU = Release|Any CPU
	EndGlobalSection
	GlobalSection(ProjectConfigurationPlatforms) = postSolution
		{38436AEF-8B9A-4147-BBB6-8599962BA291}.Debug|Any CPU.ActiveCfg = Debug|Any CPU
		{38436AEF-8B9A-4147-BBB6-8599962BA291}.Debug|Any CPU.Build.0 = Debug|Any CPU
		{38436AEF-8B9A-4147-BBB6-8599962BA291}.Release|Any CPU.ActiveCfg = Release|Any CPU
		{38436AEF-8B9A-4147-BBB6-8599962BA291}.Release|Any CPU.Build.0 = Release|Any CPU
	EndGlobalSection
	GlobalSection(SolutionProperties) = preSolution
		HideSolutionNode = FALSE
	EndGlobalSection
	GlobalSection(ExtensibilityGlobals) = postSolution
		SolutionGuid = {054A4168-7864-401C-B612-E6ACC0459613}
	EndGlobalSection
EndGlobal
